
Microsoft Visual Studio Solution File, Format Version 12.00
# Visual Studio Version 16
VisualStudioVersion = 16.0.29411.108
MinimumVisualStudioVersion = 10.0.40219.1
Project("{FAE04EC0-301F-11D3-BF4B-00C04F79EFBC}") = "ContarVocales", "ContarVocales\ContarVocales.csproj", "{1D7BBA11-7B65-42F5-9D16-4F8F5DC9A8E0}"
EndProject
Project("{FAE04EC0-301F-11D3-BF4B-00C04F79EFBC}") = "PruebasContarVocales", "PruebasContarVocales\PruebasContarVocales.csproj", "{547810BA-B297-45CC-84A0-852850E0B953}"
EndProject
Global
	GlobalSection(SolutionConfigurationPlatforms) = preSolution
		Debug|Any CPU = Debug|Any CPU
		Release|Any CPU = Release|Any CPU
	EndGlobalSection
	GlobalSection(ProjectConfigurationPlatforms) = postSolution
		{1D7BBA11-7B65-42F5-9D16-4F8F5DC9A8E0}.Debug|Any CPU.ActiveCfg = Debug|Any CPU
		{1D7BBA11-7B65-42F5-9D16-4F8F5DC9A8E0}.Debug|Any CPU.Build.0 = Debug|Any CPU
		{1D7BBA11-7B65-42F5-9D16-4F8F5DC9A8E0}.Release|Any CPU.ActiveCfg = Release|Any CPU
		{1D7BBA11-7B65-42F5-9D16-4F8F5DC9A8E0}.Release|Any CPU.Build.0 = Release|Any CPU
		{547810BA-B297-45CC-84A0-852850E0B953}.Debug|Any CPU.ActiveCfg = Debug|Any CPU
		{547810BA-B297-45CC-84A0-852850E0B953}.Debug|Any CPU.Build.0 = Debug|Any CPU
		{547810BA-B297-45CC-84A0-852850E0B953}.Release|Any CPU.ActiveCfg = Release|Any CPU
		{547810BA-B297-45CC-84A0-852850E0B953}.Release|Any CPU.Build.0 = Release|Any CPU
	EndGlobalSection
	GlobalSection(SolutionProperties) = preSolution
		HideSolutionNode = FALSE
	EndGlobalSection
	GlobalSection(ExtensibilityGlobals) = postSolution
		SolutionGuid = {11631BBB-3E20-4ECF-A500-7C59628FBA90}
	EndGlobalSection
EndGlobal
